
Microsoft Visual Studio Solution File, Format Version 12.00
# Visual Studio Version 16
VisualStudioVersion = 16.0.29613.14
MinimumVisualStudioVersion = 10.0.40219.1
Project("{FAE04EC0-301F-11D3-BF4B-00C04F79EFBC}") = "DefinitionEvenNumber", "DefinitionEvenNumber\DefinitionEvenNumber.csproj", "{578C827D-5B69-4595-A30F-F5D7A420305B}"
EndProject
Global
	GlobalSection(SolutionConfigurationPlatforms) = preSolution
		Debug|Any CPU = Debug|Any CPU
		Release|Any CPU = Release|Any CPU
	EndGlobalSection
	GlobalSection(ProjectConfigurationPlatforms) = postSolution
		{578C827D-5B69-4595-A30F-F5D7A420305B}.Debug|Any CPU.ActiveCfg = Debug|Any CPU
		{578C827D-5B69-4595-A30F-F5D7A420305B}.Debug|Any CPU.Build.0 = Debug|Any CPU
		{578C827D-5B69-4595-A30F-F5D7A420305B}.Release|Any CPU.ActiveCfg = Release|Any CPU
		{578C827D-5B69-4595-A30F-F5D7A420305B}.Release|Any CPU.Build.0 = Release|Any CPU
	EndGlobalSection
	GlobalSection(SolutionProperties) = preSolution
		HideSolutionNode = FALSE
	EndGlobalSection
	GlobalSection(ExtensibilityGlobals) = postSolution
		SolutionGuid = {68ED8803-2E44-4C02-8086-48BDDC995D99}
	EndGlobalSection
EndGlobal
