
Microsoft Visual Studio Solution File, Format Version 12.00
# Visual Studio Version 16
VisualStudioVersion = 16.0.29424.173
MinimumVisualStudioVersion = 10.0.40219.1
Project("{FAE04EC0-301F-11D3-BF4B-00C04F79EFBC}") = "ClassWork", "ClassWork\ClassWork.csproj", "{C8F2C26D-0C4D-4559-8101-02AC307469C4}"
EndProject
Global
	GlobalSection(SolutionConfigurationPlatforms) = preSolution
		Debug|Any CPU = Debug|Any CPU
		Release|Any CPU = Release|Any CPU
	EndGlobalSection
	GlobalSection(ProjectConfigurationPlatforms) = postSolution
		{C8F2C26D-0C4D-4559-8101-02AC307469C4}.Debug|Any CPU.ActiveCfg = Debug|Any CPU
		{C8F2C26D-0C4D-4559-8101-02AC307469C4}.Debug|Any CPU.Build.0 = Debug|Any CPU
		{C8F2C26D-0C4D-4559-8101-02AC307469C4}.Release|Any CPU.ActiveCfg = Release|Any CPU
		{C8F2C26D-0C4D-4559-8101-02AC307469C4}.Release|Any CPU.Build.0 = Release|Any CPU
	EndGlobalSection
	GlobalSection(SolutionProperties) = preSolution
		HideSolutionNode = FALSE
	EndGlobalSection
	GlobalSection(ExtensibilityGlobals) = postSolution
		SolutionGuid = {825F93C0-D638-454F-81D9-3A8E5B569F25}
	EndGlobalSection
EndGlobal
