
Microsoft Visual Studio Solution File, Format Version 12.00
# Visual Studio Version 16
VisualStudioVersion = 16.0.29424.173
MinimumVisualStudioVersion = 10.0.40219.1
Project("{FAE04EC0-301F-11D3-BF4B-00C04F79EFBC}") = "ClassWork", "ClassWork.csproj", "{45E299D5-8380-4074-AD03-5C7BDD6E291D}"
EndProject
Global
	GlobalSection(SolutionConfigurationPlatforms) = preSolution
		Debug|Any CPU = Debug|Any CPU
		Release|Any CPU = Release|Any CPU
	EndGlobalSection
	GlobalSection(ProjectConfigurationPlatforms) = postSolution
		{45E299D5-8380-4074-AD03-5C7BDD6E291D}.Debug|Any CPU.ActiveCfg = Debug|Any CPU
		{45E299D5-8380-4074-AD03-5C7BDD6E291D}.Debug|Any CPU.Build.0 = Debug|Any CPU
		{45E299D5-8380-4074-AD03-5C7BDD6E291D}.Release|Any CPU.ActiveCfg = Release|Any CPU
		{45E299D5-8380-4074-AD03-5C7BDD6E291D}.Release|Any CPU.Build.0 = Release|Any CPU
	EndGlobalSection
	GlobalSection(SolutionProperties) = preSolution
		HideSolutionNode = FALSE
	EndGlobalSection
	GlobalSection(ExtensibilityGlobals) = postSolution
		SolutionGuid = {85F8A80D-D42B-4A5C-A35E-3498C684966D}
	EndGlobalSection
EndGlobal
