
Microsoft Visual Studio Solution File, Format Version 12.00
# Visual Studio Version 16
VisualStudioVersion = 16.0.29424.173
MinimumVisualStudioVersion = 10.0.40219.1
Project("{FAE04EC0-301F-11D3-BF4B-00C04F79EFBC}") = "ClassWork", "ClassWork.csproj", "{DBAD8E9D-CE8B-4344-8760-798706B891E7}"
EndProject
Project("{FAE04EC0-301F-11D3-BF4B-00C04F79EFBC}") = "Calculator.Figure", "..\Calculator.Figure\Calculator.Figure.csproj", "{48B27144-6434-4BCE-B145-7110995CA948}"
EndProject
Project("{FAE04EC0-301F-11D3-BF4B-00C04F79EFBC}") = "Calculator.Operation", "..\Calculator.Operation\Calculator.Operation.csproj", "{5A3F12EF-784E-4C9A-9575-1FE3EA1FC1FE}"
EndProject
Global
	GlobalSection(SolutionConfigurationPlatforms) = preSolution
		Debug|Any CPU = Debug|Any CPU
		Release|Any CPU = Release|Any CPU
	EndGlobalSection
	GlobalSection(ProjectConfigurationPlatforms) = postSolution
		{DBAD8E9D-CE8B-4344-8760-798706B891E7}.Debug|Any CPU.ActiveCfg = Debug|Any CPU
		{DBAD8E9D-CE8B-4344-8760-798706B891E7}.Debug|Any CPU.Build.0 = Debug|Any CPU
		{DBAD8E9D-CE8B-4344-8760-798706B891E7}.Release|Any CPU.ActiveCfg = Release|Any CPU
		{DBAD8E9D-CE8B-4344-8760-798706B891E7}.Release|Any CPU.Build.0 = Release|Any CPU
		{48B27144-6434-4BCE-B145-7110995CA948}.Debug|Any CPU.ActiveCfg = Debug|Any CPU
		{48B27144-6434-4BCE-B145-7110995CA948}.Debug|Any CPU.Build.0 = Debug|Any CPU
		{48B27144-6434-4BCE-B145-7110995CA948}.Release|Any CPU.ActiveCfg = Release|Any CPU
		{48B27144-6434-4BCE-B145-7110995CA948}.Release|Any CPU.Build.0 = Release|Any CPU
		{5A3F12EF-784E-4C9A-9575-1FE3EA1FC1FE}.Debug|Any CPU.ActiveCfg = Debug|Any CPU
		{5A3F12EF-784E-4C9A-9575-1FE3EA1FC1FE}.Debug|Any CPU.Build.0 = Debug|Any CPU
		{5A3F12EF-784E-4C9A-9575-1FE3EA1FC1FE}.Release|Any CPU.ActiveCfg = Release|Any CPU
		{5A3F12EF-784E-4C9A-9575-1FE3EA1FC1FE}.Release|Any CPU.Build.0 = Release|Any CPU
	EndGlobalSection
	GlobalSection(SolutionProperties) = preSolution
		HideSolutionNode = FALSE
	EndGlobalSection
	GlobalSection(ExtensibilityGlobals) = postSolution
		SolutionGuid = {9E301DC0-F8DC-4C56-A3EE-52B0868BAFD4}
	EndGlobalSection
EndGlobal
