
Microsoft Visual Studio Solution File, Format Version 12.00
# Visual Studio Version 16
VisualStudioVersion = 16.0.29728.190
MinimumVisualStudioVersion = 10.0.40219.1
Project("{FAE04EC0-301F-11D3-BF4B-00C04F79EFBC}") = "ClassWork_12", "ClassWork_12\ClassWork_12.csproj", "{E46743EB-241D-4FB2-B99B-8B86C5B6CF7C}"
EndProject
Global
	GlobalSection(SolutionConfigurationPlatforms) = preSolution
		Debug|Any CPU = Debug|Any CPU
		Release|Any CPU = Release|Any CPU
	EndGlobalSection
	GlobalSection(ProjectConfigurationPlatforms) = postSolution
		{E46743EB-241D-4FB2-B99B-8B86C5B6CF7C}.Debug|Any CPU.ActiveCfg = Debug|Any CPU
		{E46743EB-241D-4FB2-B99B-8B86C5B6CF7C}.Debug|Any CPU.Build.0 = Debug|Any CPU
		{E46743EB-241D-4FB2-B99B-8B86C5B6CF7C}.Release|Any CPU.ActiveCfg = Release|Any CPU
		{E46743EB-241D-4FB2-B99B-8B86C5B6CF7C}.Release|Any CPU.Build.0 = Release|Any CPU
	EndGlobalSection
	GlobalSection(SolutionProperties) = preSolution
		HideSolutionNode = FALSE
	EndGlobalSection
	GlobalSection(ExtensibilityGlobals) = postSolution
		SolutionGuid = {A6458F43-AC13-43F0-88CF-DC7F6A43B0FC}
	EndGlobalSection
EndGlobal
