
Microsoft Visual Studio Solution File, Format Version 12.00
# Visual Studio Version 16
VisualStudioVersion = 16.0.29424.173
MinimumVisualStudioVersion = 10.0.40219.1
Project("{FAE04EC0-301F-11D3-BF4B-00C04F79EFBC}") = "ClassWork_for", "ClassWork_for\ClassWork_for.csproj", "{7F8D97B3-43CA-4BE4-A7C6-1DE045554213}"
EndProject
Global
	GlobalSection(SolutionConfigurationPlatforms) = preSolution
		Debug|Any CPU = Debug|Any CPU
		Release|Any CPU = Release|Any CPU
	EndGlobalSection
	GlobalSection(ProjectConfigurationPlatforms) = postSolution
		{7F8D97B3-43CA-4BE4-A7C6-1DE045554213}.Debug|Any CPU.ActiveCfg = Debug|Any CPU
		{7F8D97B3-43CA-4BE4-A7C6-1DE045554213}.Debug|Any CPU.Build.0 = Debug|Any CPU
		{7F8D97B3-43CA-4BE4-A7C6-1DE045554213}.Release|Any CPU.ActiveCfg = Release|Any CPU
		{7F8D97B3-43CA-4BE4-A7C6-1DE045554213}.Release|Any CPU.Build.0 = Release|Any CPU
	EndGlobalSection
	GlobalSection(SolutionProperties) = preSolution
		HideSolutionNode = FALSE
	EndGlobalSection
	GlobalSection(ExtensibilityGlobals) = postSolution
		SolutionGuid = {BC04981B-E970-4033-8D6C-1965304EA13D}
	EndGlobalSection
EndGlobal
