
Microsoft Visual Studio Solution File, Format Version 12.00
# Visual Studio Version 16
VisualStudioVersion = 16.0.29424.173
MinimumVisualStudioVersion = 10.0.40219.1
Project("{FAE04EC0-301F-11D3-BF4B-00C04F79EFBC}") = "ConsoleApp1", "ConsoleApp1\ConsoleApp1.csproj", "{159E800E-2BFB-4C61-B6B3-D6D3876A5BE7}"
EndProject
Global
	GlobalSection(SolutionConfigurationPlatforms) = preSolution
		Debug|Any CPU = Debug|Any CPU
		Release|Any CPU = Release|Any CPU
	EndGlobalSection
	GlobalSection(ProjectConfigurationPlatforms) = postSolution
		{159E800E-2BFB-4C61-B6B3-D6D3876A5BE7}.Debug|Any CPU.ActiveCfg = Debug|Any CPU
		{159E800E-2BFB-4C61-B6B3-D6D3876A5BE7}.Debug|Any CPU.Build.0 = Debug|Any CPU
		{159E800E-2BFB-4C61-B6B3-D6D3876A5BE7}.Release|Any CPU.ActiveCfg = Release|Any CPU
		{159E800E-2BFB-4C61-B6B3-D6D3876A5BE7}.Release|Any CPU.Build.0 = Release|Any CPU
	EndGlobalSection
	GlobalSection(SolutionProperties) = preSolution
		HideSolutionNode = FALSE
	EndGlobalSection
	GlobalSection(ExtensibilityGlobals) = postSolution
		SolutionGuid = {C76FB80E-4B0E-4879-9909-ABDA7A8ABE6E}
	EndGlobalSection
EndGlobal
