
Microsoft Visual Studio Solution File, Format Version 12.00
# Visual Studio Version 16
VisualStudioVersion = 16.0.29424.173
MinimumVisualStudioVersion = 10.0.40219.1
Project("{FAE04EC0-301F-11D3-BF4B-00C04F79EFBC}") = "ClassWork", "ClassWork\ClassWork.csproj", "{4DADA60E-0094-4F73-B20C-BDBFBF4F182B}"
EndProject
Global
	GlobalSection(SolutionConfigurationPlatforms) = preSolution
		Debug|Any CPU = Debug|Any CPU
		Release|Any CPU = Release|Any CPU
	EndGlobalSection
	GlobalSection(ProjectConfigurationPlatforms) = postSolution
		{4DADA60E-0094-4F73-B20C-BDBFBF4F182B}.Debug|Any CPU.ActiveCfg = Debug|Any CPU
		{4DADA60E-0094-4F73-B20C-BDBFBF4F182B}.Debug|Any CPU.Build.0 = Debug|Any CPU
		{4DADA60E-0094-4F73-B20C-BDBFBF4F182B}.Release|Any CPU.ActiveCfg = Release|Any CPU
		{4DADA60E-0094-4F73-B20C-BDBFBF4F182B}.Release|Any CPU.Build.0 = Release|Any CPU
	EndGlobalSection
	GlobalSection(SolutionProperties) = preSolution
		HideSolutionNode = FALSE
	EndGlobalSection
	GlobalSection(ExtensibilityGlobals) = postSolution
		SolutionGuid = {D9350681-F5D4-42F1-89E1-7414911BC629}
	EndGlobalSection
EndGlobal
