
Microsoft Visual Studio Solution File, Format Version 12.00
# Visual Studio 15
VisualStudioVersion = 15.0.28307.421
MinimumVisualStudioVersion = 10.0.40219.1
Project("{9A19103F-16F7-4668-BE54-9A1E7A4F7556}") = "L23_C01_asp_net_core_app", "L23_C01_asp_net_core_app\L23_C01_asp_net_core_app.csproj", "{CD450726-CAC7-4193-BF22-6AEDE4A53003}"
EndProject
Global
	GlobalSection(SolutionConfigurationPlatforms) = preSolution
		Debug|Any CPU = Debug|Any CPU
		Release|Any CPU = Release|Any CPU
	EndGlobalSection
	GlobalSection(ProjectConfigurationPlatforms) = postSolution
		{CD450726-CAC7-4193-BF22-6AEDE4A53003}.Debug|Any CPU.ActiveCfg = Debug|Any CPU
		{CD450726-CAC7-4193-BF22-6AEDE4A53003}.Debug|Any CPU.Build.0 = Debug|Any CPU
		{CD450726-CAC7-4193-BF22-6AEDE4A53003}.Release|Any CPU.ActiveCfg = Release|Any CPU
		{CD450726-CAC7-4193-BF22-6AEDE4A53003}.Release|Any CPU.Build.0 = Release|Any CPU
		{CD1EB93F-8D3C-436C-9283-82710B2E41D9}.Debug|Any CPU.ActiveCfg = Debug|Any CPU
		{CD1EB93F-8D3C-436C-9283-82710B2E41D9}.Debug|Any CPU.Build.0 = Debug|Any CPU
		{CD1EB93F-8D3C-436C-9283-82710B2E41D9}.Release|Any CPU.ActiveCfg = Release|Any CPU
		{CD1EB93F-8D3C-436C-9283-82710B2E41D9}.Release|Any CPU.Build.0 = Release|Any CPU
	EndGlobalSection
	GlobalSection(SolutionProperties) = preSolution
		HideSolutionNode = FALSE
	EndGlobalSection
	GlobalSection(ExtensibilityGlobals) = postSolution
		SolutionGuid = {A9C8CBF4-FBD9-4404-A173-C64041F09F5F}
	EndGlobalSection
EndGlobal
