
Microsoft Visual Studio Solution File, Format Version 12.00
# Visual Studio Version 16
VisualStudioVersion = 16.0.29613.14
MinimumVisualStudioVersion = 10.0.40219.1
Project("{FAE04EC0-301F-11D3-BF4B-00C04F79EFBC}") = "SumCapital", "SumCapital\SumCapital.csproj", "{D3378338-6CF8-46B8-AAFF-4821BACD314A}"
EndProject
Global
	GlobalSection(SolutionConfigurationPlatforms) = preSolution
		Debug|Any CPU = Debug|Any CPU
		Release|Any CPU = Release|Any CPU
	EndGlobalSection
	GlobalSection(ProjectConfigurationPlatforms) = postSolution
		{D3378338-6CF8-46B8-AAFF-4821BACD314A}.Debug|Any CPU.ActiveCfg = Debug|Any CPU
		{D3378338-6CF8-46B8-AAFF-4821BACD314A}.Debug|Any CPU.Build.0 = Debug|Any CPU
		{D3378338-6CF8-46B8-AAFF-4821BACD314A}.Release|Any CPU.ActiveCfg = Release|Any CPU
		{D3378338-6CF8-46B8-AAFF-4821BACD314A}.Release|Any CPU.Build.0 = Release|Any CPU
	EndGlobalSection
	GlobalSection(SolutionProperties) = preSolution
		HideSolutionNode = FALSE
	EndGlobalSection
	GlobalSection(ExtensibilityGlobals) = postSolution
		SolutionGuid = {6FDFABEB-5AAD-408A-895C-D989C53C266C}
	EndGlobalSection
EndGlobal
