
Microsoft Visual Studio Solution File, Format Version 12.00
# Visual Studio Version 16
VisualStudioVersion = 16.0.29424.173
MinimumVisualStudioVersion = 10.0.40219.1
Project("{FAE04EC0-301F-11D3-BF4B-00C04F79EFBC}") = "DataAboutPeople", "DataAboutPeople\DataAboutPeople.csproj", "{B963144D-E07A-4BDB-9890-E3C476573D04}"
EndProject
Global
	GlobalSection(SolutionConfigurationPlatforms) = preSolution
		Debug|Any CPU = Debug|Any CPU
		Release|Any CPU = Release|Any CPU
	EndGlobalSection
	GlobalSection(ProjectConfigurationPlatforms) = postSolution
		{B963144D-E07A-4BDB-9890-E3C476573D04}.Debug|Any CPU.ActiveCfg = Debug|Any CPU
		{B963144D-E07A-4BDB-9890-E3C476573D04}.Debug|Any CPU.Build.0 = Debug|Any CPU
		{B963144D-E07A-4BDB-9890-E3C476573D04}.Release|Any CPU.ActiveCfg = Release|Any CPU
		{B963144D-E07A-4BDB-9890-E3C476573D04}.Release|Any CPU.Build.0 = Release|Any CPU
	EndGlobalSection
	GlobalSection(SolutionProperties) = preSolution
		HideSolutionNode = FALSE
	EndGlobalSection
	GlobalSection(ExtensibilityGlobals) = postSolution
		SolutionGuid = {F4D815C9-F1AE-4F8D-8EC1-8A71436AFD32}
	EndGlobalSection
EndGlobal
