
Microsoft Visual Studio Solution File, Format Version 12.00
# Visual Studio Version 16
VisualStudioVersion = 16.0.29424.173
MinimumVisualStudioVersion = 10.0.40219.1
Project("{FAE04EC0-301F-11D3-BF4B-00C04F79EFBC}") = "CountryCity", "CountryCity\CountryCity.csproj", "{88337D95-BB75-4C9B-BFC5-B83C030AAE01}"
EndProject
Global
	GlobalSection(SolutionConfigurationPlatforms) = preSolution
		Debug|Any CPU = Debug|Any CPU
		Release|Any CPU = Release|Any CPU
	EndGlobalSection
	GlobalSection(ProjectConfigurationPlatforms) = postSolution
		{88337D95-BB75-4C9B-BFC5-B83C030AAE01}.Debug|Any CPU.ActiveCfg = Debug|Any CPU
		{88337D95-BB75-4C9B-BFC5-B83C030AAE01}.Debug|Any CPU.Build.0 = Debug|Any CPU
		{88337D95-BB75-4C9B-BFC5-B83C030AAE01}.Release|Any CPU.ActiveCfg = Release|Any CPU
		{88337D95-BB75-4C9B-BFC5-B83C030AAE01}.Release|Any CPU.Build.0 = Release|Any CPU
	EndGlobalSection
	GlobalSection(SolutionProperties) = preSolution
		HideSolutionNode = FALSE
	EndGlobalSection
	GlobalSection(ExtensibilityGlobals) = postSolution
		SolutionGuid = {E31EFCFE-36C3-48F4-AD58-C0F84AB2A221}
	EndGlobalSection
EndGlobal
